{
  "name": "commands",
  "version": "1.0.0",
  "lockfileVersion": 1,
  "requires": true,
  "dependencies": {
    "@types/node": {
      "version": "7.0.48",
      "resolved": "https://registry.npmjs.org/@types/node/-/node-7.0.48.tgz",
      "integrity": "sha512-LLlXafM3BD52MH056tHxTXO8JFCnpJJQkdzIU3+m8ew+CXJY/5zIXgDNb4TK/QFvlI8QexLS5tL+sE0Qhegr1w=="
    },
    "commander": {
      "version": "2.12.0",
      "resolved": "http://registry.npm.taobao.org/commander/download/commander-2.12.0.tgz",
      "requires": {
        "@types/node": "7.0.48"
      }
    }
  }
}
